
Microsoft Visual Studio Solution File, Format Version 12.00
# Visual Studio Version 17
VisualStudioVersion = 17.11.35312.102
MinimumVisualStudioVersion = 10.0.40219.1
Project("{FAE04EC0-301F-11D3-BF4B-00C04F79EFBC}") = "Ejercicio3", "Ejercicio3\Ejercicio3.csproj", "{F101B5D6-0ADC-4609-820E-D88C62C152B0}"
EndProject
Project("{FAE04EC0-301F-11D3-BF4B-00C04F79EFBC}") = "Aplicacion", "Aplicacion\Aplicacion.csproj", "{0AA42D6D-BDD0-43E3-8FA2-64DDF5627CF7}"
EndProject
Global
	GlobalSection(SolutionConfigurationPlatforms) = preSolution
		Debug|Any CPU = Debug|Any CPU
		Release|Any CPU = Release|Any CPU
	EndGlobalSection
	GlobalSection(ProjectConfigurationPlatforms) = postSolution
		{F101B5D6-0ADC-4609-820E-D88C62C152B0}.Debug|Any CPU.ActiveCfg = Debug|Any CPU
		{F101B5D6-0ADC-4609-820E-D88C62C152B0}.Debug|Any CPU.Build.0 = Debug|Any CPU
		{F101B5D6-0ADC-4609-820E-D88C62C152B0}.Release|Any CPU.ActiveCfg = Release|Any CPU
		{F101B5D6-0ADC-4609-820E-D88C62C152B0}.Release|Any CPU.Build.0 = Release|Any CPU
		{0AA42D6D-BDD0-43E3-8FA2-64DDF5627CF7}.Debug|Any CPU.ActiveCfg = Debug|Any CPU
		{0AA42D6D-BDD0-43E3-8FA2-64DDF5627CF7}.Debug|Any CPU.Build.0 = Debug|Any CPU
		{0AA42D6D-BDD0-43E3-8FA2-64DDF5627CF7}.Release|Any CPU.ActiveCfg = Release|Any CPU
		{0AA42D6D-BDD0-43E3-8FA2-64DDF5627CF7}.Release|Any CPU.Build.0 = Release|Any CPU
	EndGlobalSection
	GlobalSection(SolutionProperties) = preSolution
		HideSolutionNode = FALSE
	EndGlobalSection
	GlobalSection(ExtensibilityGlobals) = postSolution
		SolutionGuid = {FBD8D4E7-5E57-4CFC-80A2-02E0606A73B9}
	EndGlobalSection
EndGlobal
